{
  "name": "desktop",
  "version": "0.0.39",
  "dependencies": {
    "7zip": {
      "version": "0.0.6",
      "from": "7zip@0.0.6",
      "resolved": "https://registry.npmjs.org/7zip/-/7zip-0.0.6.tgz",
      "dev": true
    },
    "accessibility-developer-tools": {
      "version": "2.12.0",
      "from": "accessibility-developer-tools@>=2.11.0 <3.0.0",
      "resolved": "https://registry.npmjs.org/accessibility-developer-tools/-/accessibility-developer-tools-2.12.0.tgz",
      "dev": true
    },
    "ajv": {
      "version": "4.11.8",
      "from": "ajv@>=4.9.1 <5.0.0",
      "resolved": "https://registry.npmjs.org/ajv/-/ajv-4.11.8.tgz"
    },
    "ansi-html": {
      "version": "0.0.7",
      "from": "ansi-html@0.0.7",
      "resolved": "https://registry.npmjs.org/ansi-html/-/ansi-html-0.0.7.tgz",
      "dev": true
    },
    "ansi-regex": {
      "version": "2.1.1",
      "from": "ansi-regex@>=2.0.0 <3.0.0",
      "resolved": "https://registry.npmjs.org/ansi-regex/-/ansi-regex-2.1.1.tgz",
      "dev": true
    },
    "argparse": {
      "version": "1.0.9",
      "from": "argparse@>=1.0.7 <2.0.0",
      "resolved": "https://registry.npmjs.org/argparse/-/argparse-1.0.9.tgz"
    },
    "asap": {
      "version": "2.0.5",
      "from": "asap@>=2.0.3 <2.1.0",
      "resolved": "https://registry.npmjs.org/asap/-/asap-2.0.5.tgz"
    },
    "asn1": {
      "version": "0.2.3",
      "from": "asn1@>=0.2.3 <0.3.0",
      "resolved": "https://registry.npmjs.org/asn1/-/asn1-0.2.3.tgz"
    },
    "assert-plus": {
      "version": "0.2.0",
      "from": "assert-plus@>=0.2.0 <0.3.0",
      "resolved": "https://registry.npmjs.org/assert-plus/-/assert-plus-0.2.0.tgz"
    },
    "async": {
      "version": "1.0.0",
      "from": "async@>=1.0.0 <1.1.0",
      "resolved": "https://registry.npmjs.org/async/-/async-1.0.0.tgz"
    },
    "asynckit": {
      "version": "0.4.0",
      "from": "asynckit@>=0.4.0 <0.5.0",
      "resolved": "https://registry.npmjs.org/asynckit/-/asynckit-0.4.0.tgz"
    },
    "aws-sign2": {
      "version": "0.6.0",
      "from": "aws-sign2@>=0.6.0 <0.7.0",
      "resolved": "https://registry.npmjs.org/aws-sign2/-/aws-sign2-0.6.0.tgz"
    },
    "aws4": {
      "version": "1.6.0",
      "from": "aws4@>=1.2.1 <2.0.0",
      "resolved": "https://registry.npmjs.org/aws4/-/aws4-1.6.0.tgz"
    },
    "babel-runtime": {
      "version": "6.23.0",
      "from": "babel-runtime@>=6.11.6 <7.0.0",
      "resolved": "https://registry.npmjs.org/babel-runtime/-/babel-runtime-6.23.0.tgz",
      "dependencies": {
        "core-js": {
          "version": "2.4.1",
          "from": "core-js@>=2.4.0 <3.0.0",
          "resolved": "https://registry.npmjs.org/core-js/-/core-js-2.4.1.tgz"
        }
      }
    },
    "balanced-match": {
      "version": "0.4.2",
      "from": "balanced-match@>=0.4.1 <0.5.0",
      "resolved": "https://registry.npmjs.org/balanced-match/-/balanced-match-0.4.2.tgz"
    },
    "bcrypt-pbkdf": {
      "version": "1.0.1",
      "from": "bcrypt-pbkdf@>=1.0.0 <2.0.0",
      "resolved": "https://registry.npmjs.org/bcrypt-pbkdf/-/bcrypt-pbkdf-1.0.1.tgz",
      "optional": true
    },
    "big.js": {
      "version": "3.1.3",
      "from": "big.js@>=3.1.3 <4.0.0",
      "resolved": "https://registry.npmjs.org/big.js/-/big.js-3.1.3.tgz",
      "dev": true
    },
    "block-stream": {
      "version": "0.0.9",
      "from": "block-stream@*",
      "resolved": "https://registry.npmjs.org/block-stream/-/block-stream-0.0.9.tgz"
    },
    "boom": {
      "version": "2.10.1",
      "from": "boom@>=2.0.0 <3.0.0",
      "resolved": "https://registry.npmjs.org/boom/-/boom-2.10.1.tgz"
    },
    "brace-expansion": {
      "version": "1.1.7",
      "from": "brace-expansion@>=1.0.0 <2.0.0",
      "resolved": "https://registry.npmjs.org/brace-expansion/-/brace-expansion-1.1.7.tgz"
    },
    "byline": {
      "version": "4.2.2",
      "from": "byline@>=4.2.2 <5.0.0",
      "resolved": "https://registry.npmjs.org/byline/-/byline-4.2.2.tgz"
    },
    "caseless": {
      "version": "0.12.0",
      "from": "caseless@>=0.12.0 <0.13.0",
      "resolved": "https://registry.npmjs.org/caseless/-/caseless-0.12.0.tgz"
    },
    "chain-function": {
      "version": "1.0.0",
      "from": "chain-function@>=1.0.0 <2.0.0",
      "resolved": "https://registry.npmjs.org/chain-function/-/chain-function-1.0.0.tgz"
    },
    "checksum": {
      "version": "0.1.1",
      "from": "checksum@>=0.1.1 <0.2.0",
      "resolved": "https://registry.npmjs.org/checksum/-/checksum-0.1.1.tgz"
    },
    "classnames": {
      "version": "2.2.5",
      "from": "classnames@>=2.2.5 <3.0.0",
      "resolved": "https://registry.npmjs.org/classnames/-/classnames-2.2.5.tgz"
    },
    "co": {
      "version": "4.6.0",
      "from": "co@>=4.6.0 <5.0.0",
      "resolved": "https://registry.npmjs.org/co/-/co-4.6.0.tgz"
    },
    "codemirror": {
      "version": "5.25.2",
      "from": "codemirror@latest",
      "resolved": "https://registry.npmjs.org/codemirror/-/codemirror-5.25.2.tgz"
    },
    "colors": {
      "version": "1.0.3",
      "from": "colors@>=1.0.0 <1.1.0",
      "resolved": "https://registry.npmjs.org/colors/-/colors-1.0.3.tgz"
    },
    "combined-stream": {
      "version": "1.0.5",
      "from": "combined-stream@>=1.0.5 <1.1.0",
      "resolved": "https://registry.npmjs.org/combined-stream/-/combined-stream-1.0.5.tgz"
    },
    "concat-map": {
      "version": "0.0.1",
      "from": "concat-map@0.0.1",
      "resolved": "https://registry.npmjs.org/concat-map/-/concat-map-0.0.1.tgz"
    },
    "core-js": {
      "version": "1.2.7",
      "from": "core-js@>=1.0.0 <2.0.0",
      "resolved": "https://registry.npmjs.org/core-js/-/core-js-1.2.7.tgz"
    },
    "cross-spawn-async": {
      "version": "2.2.5",
      "from": "cross-spawn-async@>=2.1.1 <3.0.0",
      "resolved": "https://registry.npmjs.org/cross-spawn-async/-/cross-spawn-async-2.2.5.tgz"
    },
    "cross-unzip": {
      "version": "0.0.2",
      "from": "cross-unzip@0.0.2",
      "resolved": "https://registry.npmjs.org/cross-unzip/-/cross-unzip-0.0.2.tgz",
      "dev": true
    },
    "cryptiles": {
      "version": "2.0.5",
      "from": "cryptiles@>=2.0.0 <3.0.0",
      "resolved": "https://registry.npmjs.org/cryptiles/-/cryptiles-2.0.5.tgz"
    },
    "cycle": {
      "version": "1.0.3",
      "from": "cycle@>=1.0.0 <1.1.0",
      "resolved": "https://registry.npmjs.org/cycle/-/cycle-1.0.3.tgz"
    },
    "dashdash": {
      "version": "1.14.1",
      "from": "dashdash@>=1.12.0 <2.0.0",
      "resolved": "https://registry.npmjs.org/dashdash/-/dashdash-1.14.1.tgz",
      "dependencies": {
        "assert-plus": {
          "version": "1.0.0",
          "from": "assert-plus@>=1.0.0 <2.0.0",
          "resolved": "https://registry.npmjs.org/assert-plus/-/assert-plus-1.0.0.tgz"
        }
      }
    },
    "deep-equal": {
      "version": "1.0.1",
      "from": "deep-equal@>=1.0.1 <2.0.0",
      "resolved": "https://registry.npmjs.org/deep-equal/-/deep-equal-1.0.1.tgz"
    },
    "delayed-stream": {
      "version": "1.0.0",
      "from": "delayed-stream@>=1.0.0 <1.1.0",
      "resolved": "https://registry.npmjs.org/delayed-stream/-/delayed-stream-1.0.0.tgz"
    },
    "devtron": {
      "version": "1.4.0",
      "from": "devtron@>=1.4.0 <2.0.0",
      "resolved": "https://registry.npmjs.org/devtron/-/devtron-1.4.0.tgz",
      "dev": true
    },
    "dexie": {
      "version": "1.5.1",
      "from": "dexie@>=1.4.1 <2.0.0",
      "resolved": "https://registry.npmjs.org/dexie/-/dexie-1.5.1.tgz"
    },
    "dom-classlist": {
      "version": "1.0.1",
      "from": "dom-classlist@>=1.0.1 <2.0.0",
      "resolved": "https://registry.npmjs.org/dom-classlist/-/dom-classlist-1.0.1.tgz"
    },
    "dom-helpers": {
      "version": "3.2.1",
      "from": "dom-helpers@>=2.4.0 <3.0.0||>=3.0.0 <4.0.0",
      "resolved": "https://registry.npmjs.org/dom-helpers/-/dom-helpers-3.2.1.tgz"
    },
    "dom-matches": {
      "version": "2.0.0",
      "from": "dom-matches@>=2.0.0 <3.0.0",
      "resolved": "https://registry.npmjs.org/dom-matches/-/dom-matches-2.0.0.tgz"
    },
    "dugite": {
      "version": "1.27.0",
      "from": "dugite@>=1.25.0 <2.0.0",
      "resolved": "https://registry.npmjs.org/dugite/-/dugite-1.27.0.tgz"
    },
    "ecc-jsbn": {
      "version": "0.1.1",
      "from": "ecc-jsbn@>=0.1.1 <0.2.0",
      "resolved": "https://registry.npmjs.org/ecc-jsbn/-/ecc-jsbn-0.1.1.tgz",
      "optional": true
    },
    "electron-debug": {
      "version": "1.1.0",
      "from": "electron-debug@>=1.1.0 <2.0.0",
      "resolved": "https://registry.npmjs.org/electron-debug/-/electron-debug-1.1.0.tgz",
      "dev": true
    },
    "electron-devtools-installer": {
      "version": "2.2.0",
      "from": "electron-devtools-installer@>=2.1.0 <3.0.0",
      "resolved": "https://registry.npmjs.org/electron-devtools-installer/-/electron-devtools-installer-2.2.0.tgz",
      "dev": true
    },
    "electron-is-dev": {
      "version": "0.1.2",
      "from": "electron-is-dev@>=0.1.0 <0.2.0",
      "resolved": "https://registry.npmjs.org/electron-is-dev/-/electron-is-dev-0.1.2.tgz",
      "dev": true
    },
    "electron-localshortcut": {
      "version": "0.6.1",
      "from": "electron-localshortcut@>=0.6.0 <0.7.0",
      "resolved": "https://registry.npmjs.org/electron-localshortcut/-/electron-localshortcut-0.6.1.tgz",
      "dev": true
    },
    "electron-window-state": {
      "version": "4.1.1",
      "from": "electron-window-state@>=4.0.2 <5.0.0",
      "resolved": "https://registry.npmjs.org/electron-window-state/-/electron-window-state-4.1.1.tgz"
    },
    "emojis-list": {
      "version": "2.1.0",
      "from": "emojis-list@>=2.0.0 <3.0.0",
      "resolved": "https://registry.npmjs.org/emojis-list/-/emojis-list-2.1.0.tgz",
      "dev": true
    },
    "encoding": {
      "version": "0.1.12",
      "from": "encoding@>=0.1.11 <0.2.0",
      "resolved": "https://registry.npmjs.org/encoding/-/encoding-0.1.12.tgz"
    },
    "esprima": {
      "version": "3.1.3",
      "from": "esprima@>=3.1.1 <4.0.0",
      "resolved": "https://registry.npmjs.org/esprima/-/esprima-3.1.3.tgz"
    },
    "event-kit": {
      "version": "2.3.0",
      "from": "event-kit@>=2.0.0 <3.0.0",
      "resolved": "https://registry.npmjs.org/event-kit/-/event-kit-2.3.0.tgz"
    },
    "execa": {
      "version": "0.4.0",
      "from": "execa@>=0.4.0 <0.5.0",
      "resolved": "https://registry.npmjs.org/execa/-/execa-0.4.0.tgz"
    },
    "extend": {
      "version": "3.0.1",
      "from": "extend@>=3.0.0 <3.1.0",
      "resolved": "https://registry.npmjs.org/extend/-/extend-3.0.1.tgz"
    },
    "extsprintf": {
      "version": "1.0.2",
      "from": "extsprintf@1.0.2",
      "resolved": "https://registry.npmjs.org/extsprintf/-/extsprintf-1.0.2.tgz"
    },
    "eyes": {
      "version": "0.1.8",
      "from": "eyes@>=0.1.0 <0.2.0",
      "resolved": "https://registry.npmjs.org/eyes/-/eyes-0.1.8.tgz"
    },
    "fbjs": {
      "version": "0.8.12",
      "from": "fbjs@>=0.8.9 <0.9.0",
      "resolved": "https://registry.npmjs.org/fbjs/-/fbjs-0.8.12.tgz"
    },
    "forever-agent": {
      "version": "0.6.1",
      "from": "forever-agent@>=0.6.1 <0.7.0",
      "resolved": "https://registry.npmjs.org/forever-agent/-/forever-agent-0.6.1.tgz"
    },
    "form-data": {
      "version": "2.1.4",
      "from": "form-data@>=2.1.1 <2.2.0",
      "resolved": "https://registry.npmjs.org/form-data/-/form-data-2.1.4.tgz"
    },
    "front-matter": {
      "version": "2.1.2",
      "from": "front-matter@>=2.1.2 <3.0.0",
      "resolved": "https://registry.npmjs.org/front-matter/-/front-matter-2.1.2.tgz"
    },
    "fs-extra": {
      "version": "2.1.2",
      "from": "fs-extra@>=2.0.0 <3.0.0",
      "resolved": "https://registry.npmjs.org/fs-extra/-/fs-extra-2.1.2.tgz"
    },
    "fs.realpath": {
      "version": "1.0.0",
      "from": "fs.realpath@>=1.0.0 <2.0.0",
      "resolved": "https://registry.npmjs.org/fs.realpath/-/fs.realpath-1.0.0.tgz"
    },
    "fstream": {
      "version": "1.0.11",
      "from": "fstream@>=1.0.2 <2.0.0",
      "resolved": "https://registry.npmjs.org/fstream/-/fstream-1.0.11.tgz"
    },
    "getpass": {
      "version": "0.1.7",
      "from": "getpass@>=0.1.1 <0.2.0",
      "resolved": "https://registry.npmjs.org/getpass/-/getpass-0.1.7.tgz",
      "dependencies": {
        "assert-plus": {
          "version": "1.0.0",
          "from": "assert-plus@>=1.0.0 <2.0.0",
          "resolved": "https://registry.npmjs.org/assert-plus/-/assert-plus-1.0.0.tgz"
        }
      }
    },
    "glob": {
      "version": "7.1.1",
      "from": "glob@>=7.0.5 <8.0.0",
      "resolved": "https://registry.npmjs.org/glob/-/glob-7.1.1.tgz"
    },
    "graceful-fs": {
      "version": "4.1.11",
      "from": "graceful-fs@>=4.1.2 <5.0.0",
      "resolved": "https://registry.npmjs.org/graceful-fs/-/graceful-fs-4.1.11.tgz"
    },
    "har-schema": {
      "version": "1.0.5",
      "from": "har-schema@>=1.0.5 <2.0.0",
      "resolved": "https://registry.npmjs.org/har-schema/-/har-schema-1.0.5.tgz"
    },
    "har-validator": {
      "version": "4.2.1",
      "from": "har-validator@>=4.2.1 <4.3.0",
      "resolved": "https://registry.npmjs.org/har-validator/-/har-validator-4.2.1.tgz"
    },
    "hawk": {
      "version": "3.1.3",
      "from": "hawk@>=3.1.3 <3.2.0",
      "resolved": "https://registry.npmjs.org/hawk/-/hawk-3.1.3.tgz"
    },
    "highlight.js": {
      "version": "9.11.0",
      "from": "highlight.js@>=9.3.0 <10.0.0",
      "resolved": "https://registry.npmjs.org/highlight.js/-/highlight.js-9.11.0.tgz",
      "dev": true
    },
    "hoek": {
      "version": "2.16.3",
      "from": "hoek@>=2.0.0 <3.0.0",
      "resolved": "https://registry.npmjs.org/hoek/-/hoek-2.16.3.tgz"
    },
    "html-entities": {
      "version": "1.2.1",
      "from": "html-entities@>=1.2.0 <2.0.0",
      "resolved": "https://registry.npmjs.org/html-entities/-/html-entities-1.2.1.tgz",
      "dev": true
    },
    "http-signature": {
      "version": "1.1.1",
      "from": "http-signature@>=1.1.0 <1.2.0",
      "resolved": "https://registry.npmjs.org/http-signature/-/http-signature-1.1.1.tgz"
    },
    "humanize-plus": {
      "version": "1.8.2",
      "from": "humanize-plus@>=1.8.1 <2.0.0",
      "resolved": "https://registry.npmjs.org/humanize-plus/-/humanize-plus-1.8.2.tgz",
      "dev": true
    },
    "iconv-lite": {
      "version": "0.4.17",
      "from": "iconv-lite@>=0.4.13 <0.5.0",
      "resolved": "https://registry.npmjs.org/iconv-lite/-/iconv-lite-0.4.17.tgz"
    },
    "inflight": {
      "version": "1.0.6",
      "from": "inflight@>=1.0.4 <2.0.0",
      "resolved": "https://registry.npmjs.org/inflight/-/inflight-1.0.6.tgz"
    },
    "inherits": {
      "version": "2.0.3",
      "from": "inherits@>=2.0.0 <3.0.0",
      "resolved": "https://registry.npmjs.org/inherits/-/inherits-2.0.3.tgz"
    },
    "is-stream": {
      "version": "1.1.0",
      "from": "is-stream@>=1.0.1 <2.0.0",
      "resolved": "https://registry.npmjs.org/is-stream/-/is-stream-1.1.0.tgz"
    },
    "is-typedarray": {
      "version": "1.0.0",
      "from": "is-typedarray@>=1.0.0 <1.1.0",
      "resolved": "https://registry.npmjs.org/is-typedarray/-/is-typedarray-1.0.0.tgz"
    },
    "isexe": {
      "version": "2.0.0",
      "from": "isexe@>=2.0.0 <3.0.0",
      "resolved": "https://registry.npmjs.org/isexe/-/isexe-2.0.0.tgz"
    },
    "isomorphic-fetch": {
      "version": "2.2.1",
      "from": "isomorphic-fetch@>=2.1.1 <3.0.0",
      "resolved": "https://registry.npmjs.org/isomorphic-fetch/-/isomorphic-fetch-2.2.1.tgz"
    },
    "isstream": {
      "version": "0.1.2",
      "from": "isstream@>=0.1.2 <0.2.0",
      "resolved": "https://registry.npmjs.org/isstream/-/isstream-0.1.2.tgz"
    },
    "jodid25519": {
      "version": "1.0.2",
      "from": "jodid25519@>=1.0.0 <2.0.0",
      "resolved": "https://registry.npmjs.org/jodid25519/-/jodid25519-1.0.2.tgz",
      "optional": true
    },
    "js-tokens": {
      "version": "3.0.1",
      "from": "js-tokens@>=3.0.0 <4.0.0",
      "resolved": "https://registry.npmjs.org/js-tokens/-/js-tokens-3.0.1.tgz"
    },
    "js-yaml": {
      "version": "3.8.3",
      "from": "js-yaml@>=3.4.6 <4.0.0",
      "resolved": "https://registry.npmjs.org/js-yaml/-/js-yaml-3.8.3.tgz"
    },
    "jsbn": {
      "version": "0.1.1",
      "from": "jsbn@>=0.1.0 <0.2.0",
      "resolved": "https://registry.npmjs.org/jsbn/-/jsbn-0.1.1.tgz",
      "optional": true
    },
    "json-schema": {
      "version": "0.2.3",
      "from": "json-schema@0.2.3",
      "resolved": "https://registry.npmjs.org/json-schema/-/json-schema-0.2.3.tgz"
    },
    "json-stable-stringify": {
      "version": "1.0.1",
      "from": "json-stable-stringify@>=1.0.1 <2.0.0",
      "resolved": "https://registry.npmjs.org/json-stable-stringify/-/json-stable-stringify-1.0.1.tgz"
    },
    "json-stringify-safe": {
      "version": "5.0.1",
      "from": "json-stringify-safe@>=5.0.1 <5.1.0",
      "resolved": "https://registry.npmjs.org/json-stringify-safe/-/json-stringify-safe-5.0.1.tgz"
    },
    "json5": {
      "version": "0.5.1",
      "from": "json5@>=0.5.0 <0.6.0",
      "resolved": "https://registry.npmjs.org/json5/-/json5-0.5.1.tgz",
      "dev": true
    },
    "jsonfile": {
      "version": "2.4.0",
      "from": "jsonfile@>=2.2.3 <3.0.0",
      "resolved": "https://registry.npmjs.org/jsonfile/-/jsonfile-2.4.0.tgz"
    },
    "jsonify": {
      "version": "0.0.0",
      "from": "jsonify@>=0.0.0 <0.1.0",
      "resolved": "https://registry.npmjs.org/jsonify/-/jsonify-0.0.0.tgz"
    },
    "jsprim": {
      "version": "1.4.0",
      "from": "jsprim@>=1.2.2 <2.0.0",
      "resolved": "https://registry.npmjs.org/jsprim/-/jsprim-1.4.0.tgz",
      "dependencies": {
        "assert-plus": {
          "version": "1.0.0",
          "from": "assert-plus@1.0.0",
          "resolved": "https://registry.npmjs.org/assert-plus/-/assert-plus-1.0.0.tgz"
        }
      }
    },
    "keytar": {
      "version": "4.0.2",
      "from": "keytar@4.0.2",
      "resolved": "https://registry.npmjs.org/keytar/-/keytar-4.0.2.tgz"
    },
    "loader-utils": {
      "version": "1.1.0",
      "from": "loader-utils@>=1.0.2 <2.0.0",
      "resolved": "https://registry.npmjs.org/loader-utils/-/loader-utils-1.1.0.tgz",
      "dev": true
    },
    "lodash": {
      "version": "4.17.4",
      "from": "lodash@>=4.16.4 <5.0.0",
      "resolved": "https://registry.npmjs.org/lodash/-/lodash-4.17.4.tgz"
    },
    "loose-envify": {
      "version": "1.3.1",
      "from": "loose-envify@>=1.1.0 <2.0.0",
      "resolved": "https://registry.npmjs.org/loose-envify/-/loose-envify-1.3.1.tgz"
    },
    "lru-cache": {
      "version": "4.0.2",
      "from": "lru-cache@>=4.0.0 <5.0.0",
      "resolved": "https://registry.npmjs.org/lru-cache/-/lru-cache-4.0.2.tgz"
    },
    "mem": {
      "version": "0.1.1",
      "from": "mem@>=0.1.0 <0.2.0",
      "resolved": "https://registry.npmjs.org/mem/-/mem-0.1.1.tgz"
    },
    "mime-db": {
      "version": "1.27.0",
      "from": "mime-db@>=1.27.0 <1.28.0",
      "resolved": "https://registry.npmjs.org/mime-db/-/mime-db-1.27.0.tgz"
    },
    "mime-types": {
      "version": "2.1.15",
      "from": "mime-types@>=2.1.7 <2.2.0",
      "resolved": "https://registry.npmjs.org/mime-types/-/mime-types-2.1.15.tgz"
    },
    "minimatch": {
      "version": "3.0.3",
      "from": "minimatch@>=3.0.2 <4.0.0",
      "resolved": "https://registry.npmjs.org/minimatch/-/minimatch-3.0.3.tgz"
    },
    "minimist": {
      "version": "0.0.8",
      "from": "minimist@0.0.8",
      "resolved": "https://registry.npmjs.org/minimist/-/minimist-0.0.8.tgz"
    },
    "mkdirp": {
      "version": "0.5.1",
      "from": "mkdirp@>=0.5.1 <0.6.0",
      "resolved": "https://registry.npmjs.org/mkdirp/-/mkdirp-0.5.1.tgz"
    },
    "moment": {
      "version": "2.18.1",
      "from": "moment@>=2.17.1 <3.0.0",
      "resolved": "https://registry.npmjs.org/moment/-/moment-2.18.1.tgz"
    },
    "nan": {
      "version": "2.5.1",
      "from": "nan@2.5.1",
      "resolved": "https://registry.npmjs.org/nan/-/nan-2.5.1.tgz"
    },
    "node-fetch": {
      "version": "1.6.3",
      "from": "node-fetch@>=1.0.1 <2.0.0",
      "resolved": "https://registry.npmjs.org/node-fetch/-/node-fetch-1.6.3.tgz"
    },
    "npm-run-path": {
      "version": "1.0.0",
      "from": "npm-run-path@>=1.0.0 <2.0.0",
      "resolved": "https://registry.npmjs.org/npm-run-path/-/npm-run-path-1.0.0.tgz"
    },
    "oauth-sign": {
      "version": "0.8.2",
      "from": "oauth-sign@>=0.8.1 <0.9.0",
      "resolved": "https://registry.npmjs.org/oauth-sign/-/oauth-sign-0.8.2.tgz"
    },
    "object-assign": {
      "version": "4.1.1",
      "from": "object-assign@>=4.1.0 <5.0.0",
      "resolved": "https://registry.npmjs.org/object-assign/-/object-assign-4.1.1.tgz"
    },
    "octokat": {
      "version": "0.8.0",
      "from": "octokat@latest",
      "resolved": "https://registry.npmjs.org/octokat/-/octokat-0.8.0.tgz"
    },
    "once": {
      "version": "1.4.0",
      "from": "once@>=1.3.0 <2.0.0",
      "resolved": "https://registry.npmjs.org/once/-/once-1.4.0.tgz"
    },
    "optimist": {
      "version": "0.3.7",
      "from": "optimist@>=0.3.5 <0.4.0",
      "resolved": "https://registry.npmjs.org/optimist/-/optimist-0.3.7.tgz"
    },
    "os-tmpdir": {
      "version": "1.0.2",
      "from": "os-tmpdir@>=1.0.1 <2.0.0",
      "resolved": "https://registry.npmjs.org/os-tmpdir/-/os-tmpdir-1.0.2.tgz"
    },
    "path-is-absolute": {
      "version": "1.0.1",
      "from": "path-is-absolute@>=1.0.0 <2.0.0",
      "resolved": "https://registry.npmjs.org/path-is-absolute/-/path-is-absolute-1.0.1.tgz"
    },
    "path-key": {
      "version": "1.0.0",
      "from": "path-key@>=1.0.0 <2.0.0",
      "resolved": "https://registry.npmjs.org/path-key/-/path-key-1.0.0.tgz"
    },
    "performance-now": {
      "version": "0.2.0",
      "from": "performance-now@>=0.2.0 <0.3.0",
      "resolved": "https://registry.npmjs.org/performance-now/-/performance-now-0.2.0.tgz"
    },
    "progress": {
      "version": "2.0.0",
      "from": "progress@>=2.0.0 <3.0.0",
      "resolved": "https://registry.npmjs.org/progress/-/progress-2.0.0.tgz"
    },
    "promise": {
      "version": "7.1.1",
      "from": "promise@>=7.1.1 <8.0.0",
      "resolved": "https://registry.npmjs.org/promise/-/promise-7.1.1.tgz"
    },
    "prop-types": {
      "version": "15.5.8",
      "from": "prop-types@>=15.5.7 <16.0.0",
      "resolved": "https://registry.npmjs.org/prop-types/-/prop-types-15.5.8.tgz"
    },
    "pseudomap": {
      "version": "1.0.2",
      "from": "pseudomap@>=1.0.1 <2.0.0",
      "resolved": "https://registry.npmjs.org/pseudomap/-/pseudomap-1.0.2.tgz"
    },
    "punycode": {
      "version": "1.4.1",
      "from": "punycode@>=1.4.1 <2.0.0",
      "resolved": "https://registry.npmjs.org/punycode/-/punycode-1.4.1.tgz"
    },
    "qs": {
      "version": "6.4.0",
      "from": "qs@>=6.4.0 <6.5.0",
      "resolved": "https://registry.npmjs.org/qs/-/qs-6.4.0.tgz"
    },
    "querystring": {
      "version": "0.2.0",
      "from": "querystring@>=0.2.0 <0.3.0",
      "resolved": "https://registry.npmjs.org/querystring/-/querystring-0.2.0.tgz",
      "dev": true
    },
    "react": {
      "version": "15.5.4",
      "from": "react@>=15.5.4 <16.0.0",
      "resolved": "https://registry.npmjs.org/react/-/react-15.5.4.tgz"
    },
    "react-addons-perf": {
      "version": "15.4.2",
      "from": "react-addons-perf@>=15.4.2 <16.0.0",
      "resolved": "https://registry.npmjs.org/react-addons-perf/-/react-addons-perf-15.4.2.tgz",
      "dev": true
    },
    "react-addons-shallow-compare": {
      "version": "15.5.2",
      "from": "react-addons-shallow-compare@>=15.5.2 <16.0.0",
      "resolved": "https://registry.npmjs.org/react-addons-shallow-compare/-/react-addons-shallow-compare-15.5.2.tgz"
    },
    "react-addons-test-utils": {
      "version": "15.5.1",
      "from": "react-addons-test-utils@>=15.4.2 <16.0.0",
      "resolved": "https://registry.npmjs.org/react-addons-test-utils/-/react-addons-test-utils-15.5.1.tgz",
      "dev": true
    },
    "react-dom": {
      "version": "15.5.4",
      "from": "react-dom@>=15.5.4 <16.0.0",
      "resolved": "https://registry.npmjs.org/react-dom/-/react-dom-15.5.4.tgz"
    },
    "react-transition-group": {
      "version": "1.1.3",
      "from": "react-transition-group@latest",
      "resolved": "https://registry.npmjs.org/react-transition-group/-/react-transition-group-1.1.3.tgz"
    },
    "react-virtualized": {
      "version": "9.7.5",
      "from": "react-virtualized@latest",
      "resolved": "https://registry.npmjs.org/react-virtualized/-/react-virtualized-9.7.5.tgz"
    },
    "regenerator-runtime": {
      "version": "0.10.5",
      "from": "regenerator-runtime@>=0.10.0 <0.11.0",
      "resolved": "https://registry.npmjs.org/regenerator-runtime/-/regenerator-runtime-0.10.5.tgz"
    },
    "request": {
      "version": "2.81.0",
      "from": "request@>=2.79.0 <3.0.0",
      "resolved": "https://registry.npmjs.org/request/-/request-2.81.0.tgz"
    },
    "rimraf": {
      "version": "2.6.1",
      "from": "rimraf@>=2.5.4 <3.0.0",
      "resolved": "https://registry.npmjs.org/rimraf/-/rimraf-2.6.1.tgz"
    },
    "safe-buffer": {
      "version": "5.0.1",
      "from": "safe-buffer@>=5.0.1 <6.0.0",
      "resolved": "https://registry.npmjs.org/safe-buffer/-/safe-buffer-5.0.1.tgz"
    },
    "semver": {
      "version": "5.3.0",
      "from": "semver@>=5.3.0 <6.0.0",
      "resolved": "https://registry.npmjs.org/semver/-/semver-5.3.0.tgz",
      "dev": true
    },
    "setimmediate": {
      "version": "1.0.5",
      "from": "setimmediate@>=1.0.5 <2.0.0",
      "resolved": "https://registry.npmjs.org/setimmediate/-/setimmediate-1.0.5.tgz"
    },
    "sntp": {
      "version": "1.0.9",
      "from": "sntp@>=1.0.0 <2.0.0",
      "resolved": "https://registry.npmjs.org/sntp/-/sntp-1.0.9.tgz"
    },
    "sprintf-js": {
      "version": "1.0.3",
      "from": "sprintf-js@>=1.0.2 <1.1.0",
      "resolved": "https://registry.npmjs.org/sprintf-js/-/sprintf-js-1.0.3.tgz"
    },
    "sshpk": {
      "version": "1.13.0",
      "from": "sshpk@>=1.7.0 <2.0.0",
      "resolved": "https://registry.npmjs.org/sshpk/-/sshpk-1.13.0.tgz",
      "dependencies": {
        "assert-plus": {
          "version": "1.0.0",
          "from": "assert-plus@>=1.0.0 <2.0.0",
          "resolved": "https://registry.npmjs.org/assert-plus/-/assert-plus-1.0.0.tgz"
        }
      }
    },
    "stack-trace": {
      "version": "0.0.9",
      "from": "stack-trace@>=0.0.0 <0.1.0",
      "resolved": "https://registry.npmjs.org/stack-trace/-/stack-trace-0.0.9.tgz"
    },
    "stringstream": {
      "version": "0.0.5",
      "from": "stringstream@>=0.0.4 <0.1.0",
      "resolved": "https://registry.npmjs.org/stringstream/-/stringstream-0.0.5.tgz"
    },
    "strip-ansi": {
      "version": "3.0.1",
      "from": "strip-ansi@>=3.0.0 <4.0.0",
      "resolved": "https://registry.npmjs.org/strip-ansi/-/strip-ansi-3.0.1.tgz",
      "dev": true
    },
    "strip-eof": {
      "version": "1.0.0",
      "from": "strip-eof@>=1.0.0 <2.0.0",
      "resolved": "https://registry.npmjs.org/strip-eof/-/strip-eof-1.0.0.tgz"
    },
    "style-loader": {
      "version": "0.13.2",
      "from": "style-loader@>=0.13.2 <0.14.0",
      "resolved": "https://registry.npmjs.org/style-loader/-/style-loader-0.13.2.tgz",
      "dev": true
    },
    "tar": {
      "version": "2.2.1",
      "from": "tar@>=2.2.1 <3.0.0",
      "resolved": "https://registry.npmjs.org/tar/-/tar-2.2.1.tgz"
    },
    "temp": {
      "version": "0.8.3",
      "from": "temp@>=0.8.3 <0.9.0",
      "resolved": "https://registry.npmjs.org/temp/-/temp-0.8.3.tgz",
      "dev": true,
      "dependencies": {
        "rimraf": {
          "version": "2.2.8",
          "from": "rimraf@>=2.2.6 <2.3.0",
          "resolved": "https://registry.npmjs.org/rimraf/-/rimraf-2.2.8.tgz",
          "dev": true
        }
      }
    },
    "textarea-caret": {
      "version": "3.0.2",
      "from": "textarea-caret@>=3.0.2 <4.0.0",
      "resolved": "https://registry.npmjs.org/textarea-caret/-/textarea-caret-3.0.2.tgz"
    },
    "tough-cookie": {
      "version": "2.3.2",
      "from": "tough-cookie@>=2.3.0 <2.4.0",
      "resolved": "https://registry.npmjs.org/tough-cookie/-/tough-cookie-2.3.2.tgz"
    },
    "tunnel-agent": {
      "version": "0.6.0",
      "from": "tunnel-agent@>=0.6.0 <0.7.0",
      "resolved": "https://registry.npmjs.org/tunnel-agent/-/tunnel-agent-0.6.0.tgz"
    },
    "tweetnacl": {
      "version": "0.14.5",
      "from": "tweetnacl@>=0.14.0 <0.15.0",
      "resolved": "https://registry.npmjs.org/tweetnacl/-/tweetnacl-0.14.5.tgz",
      "optional": true
    },
    "ua-parser-js": {
      "version": "0.7.12",
      "from": "ua-parser-js@>=0.7.12 <0.8.0",
      "resolved": "https://registry.npmjs.org/ua-parser-js/-/ua-parser-js-0.7.12.tgz"
    },
    "untildify": {
      "version": "3.0.2",
      "from": "untildify@>=3.0.2 <4.0.0",
      "resolved": "https://registry.npmjs.org/untildify/-/untildify-3.0.2.tgz"
    },
    "username": {
      "version": "2.3.0",
      "from": "username@>=2.3.0 <3.0.0",
      "resolved": "https://registry.npmjs.org/username/-/username-2.3.0.tgz"
    },
    "uuid": {
      "version": "3.0.1",
      "from": "uuid@>=3.0.1 <4.0.0",
      "resolved": "https://registry.npmjs.org/uuid/-/uuid-3.0.1.tgz"
    },
    "verror": {
      "version": "1.3.6",
      "from": "verror@1.3.6",
      "resolved": "https://registry.npmjs.org/verror/-/verror-1.3.6.tgz"
    },
    "warning": {
      "version": "3.0.0",
      "from": "warning@>=3.0.0 <4.0.0",
      "resolved": "https://registry.npmjs.org/warning/-/warning-3.0.0.tgz"
    },
    "webpack-hot-middleware": {
      "version": "2.18.0",
      "from": "webpack-hot-middleware@>=2.10.0 <3.0.0",
      "resolved": "https://registry.npmjs.org/webpack-hot-middleware/-/webpack-hot-middleware-2.18.0.tgz",
      "dev": true
    },
    "whatwg-fetch": {
      "version": "2.0.3",
      "from": "whatwg-fetch@>=0.10.0",
      "resolved": "https://registry.npmjs.org/whatwg-fetch/-/whatwg-fetch-2.0.3.tgz"
    },
    "which": {
      "version": "1.2.14",
      "from": "which@>=1.2.8 <2.0.0",
      "resolved": "https://registry.npmjs.org/which/-/which-1.2.14.tgz"
    },
    "wicg-focus-ring": {
      "version": "1.0.1",
      "from": "wicg-focus-ring@>=1.0.1 <2.0.0",
      "resolved": "https://registry.npmjs.org/wicg-focus-ring/-/wicg-focus-ring-1.0.1.tgz"
    },
    "winston": {
      "version": "2.3.1",
      "from": "winston@>=2.3.1 <3.0.0",
      "resolved": "https://registry.npmjs.org/winston/-/winston-2.3.1.tgz"
    },
    "winston-daily-rotate-file": {
      "version": "1.4.6",
      "from": "winston-daily-rotate-file@>=1.4.5 <2.0.0",
      "resolved": "https://registry.npmjs.org/winston-daily-rotate-file/-/winston-daily-rotate-file-1.4.6.tgz"
    },
    "wordwrap": {
      "version": "0.0.3",
      "from": "wordwrap@>=0.0.2 <0.1.0",
      "resolved": "https://registry.npmjs.org/wordwrap/-/wordwrap-0.0.3.tgz"
    },
    "wrappy": {
      "version": "1.0.2",
      "from": "wrappy@>=1.0.0 <2.0.0",
      "resolved": "https://registry.npmjs.org/wrappy/-/wrappy-1.0.2.tgz"
    },
    "xmlhttprequest": {
      "version": "1.8.0",
      "from": "xmlhttprequest@>=1.8.0 <1.9.0",
      "resolved": "https://registry.npmjs.org/xmlhttprequest/-/xmlhttprequest-1.8.0.tgz"
    },
    "yallist": {
      "version": "2.1.2",
      "from": "yallist@>=2.0.0 <3.0.0",
      "resolved": "https://registry.npmjs.org/yallist/-/yallist-2.1.2.tgz"
    }
  }
}
