{
  "name": "desktop",
  "version": "0.0.2",
  "dependencies": {
    "ansi-html": {
      "version": "0.0.5",
      "from": "ansi-html@0.0.5",
      "resolved": "https://registry.npmjs.org/ansi-html/-/ansi-html-0.0.5.tgz"
    },
    "ansi-regex": {
      "version": "2.0.0",
      "from": "ansi-regex@>=2.0.0 <3.0.0",
      "resolved": "https://registry.npmjs.org/ansi-regex/-/ansi-regex-2.0.0.tgz"
    },
    "asap": {
      "version": "2.0.4",
      "from": "asap@>=2.0.3 <2.1.0",
      "resolved": "https://registry.npmjs.org/asap/-/asap-2.0.4.tgz"
    },
    "babel-runtime": {
      "version": "6.9.2",
      "from": "babel-runtime@>=6.6.1 <7.0.0",
      "resolved": "https://registry.npmjs.org/babel-runtime/-/babel-runtime-6.9.2.tgz"
    },
    "balanced-match": {
      "version": "0.4.2",
      "from": "balanced-match@>=0.4.1 <0.5.0",
      "resolved": "https://registry.npmjs.org/balanced-match/-/balanced-match-0.4.2.tgz"
    },
    "big.js": {
      "version": "3.1.3",
      "from": "big.js@>=3.1.3 <4.0.0",
      "resolved": "https://registry.npmjs.org/big.js/-/big.js-3.1.3.tgz"
    },
    "brace-expansion": {
      "version": "1.1.6",
      "from": "brace-expansion@>=1.0.0 <2.0.0",
      "resolved": "https://registry.npmjs.org/brace-expansion/-/brace-expansion-1.1.6.tgz"
    },
    "classnames": {
      "version": "2.2.5",
      "from": "classnames@>=2.2.3 <3.0.0",
      "resolved": "https://registry.npmjs.org/classnames/-/classnames-2.2.5.tgz"
    },
    "concat-map": {
      "version": "0.0.1",
      "from": "concat-map@0.0.1",
      "resolved": "https://registry.npmjs.org/concat-map/-/concat-map-0.0.1.tgz"
    },
    "core-js": {
      "version": "2.4.1",
      "from": "core-js@>=2.4.0 <3.0.0",
      "resolved": "https://registry.npmjs.org/core-js/-/core-js-2.4.1.tgz"
    },
    "deep-equal": {
      "version": "1.0.1",
      "from": "deep-equal@>=1.0.1 <2.0.0",
      "resolved": "https://registry.npmjs.org/deep-equal/-/deep-equal-1.0.1.tgz"
    },
    "dexie": {
      "version": "1.4.1",
      "from": "dexie@>=1.4.1 <2.0.0",
      "resolved": "https://registry.npmjs.org/dexie/-/dexie-1.4.1.tgz"
    },
    "dom-helpers": {
      "version": "2.4.0",
      "from": "dom-helpers@>=2.4.0 <3.0.0",
      "resolved": "https://registry.npmjs.org/dom-helpers/-/dom-helpers-2.4.0.tgz"
    },
    "dom-walk": {
      "version": "0.1.1",
      "from": "dom-walk@>=0.1.0 <0.2.0",
      "resolved": "https://registry.npmjs.org/dom-walk/-/dom-walk-0.1.1.tgz"
    },
    "electron-window-state": {
      "version": "3.0.3",
      "from": "electron-window-state@>=3.0.3 <4.0.0",
      "resolved": "https://registry.npmjs.org/electron-window-state/-/electron-window-state-3.0.3.tgz"
    },
    "emojis-list": {
      "version": "2.0.1",
      "from": "emojis-list@>=2.0.0 <3.0.0",
      "resolved": "https://registry.npmjs.org/emojis-list/-/emojis-list-2.0.1.tgz"
    },
    "encoding": {
      "version": "0.1.12",
      "from": "encoding@>=0.1.11 <0.2.0",
      "resolved": "https://registry.npmjs.org/encoding/-/encoding-0.1.12.tgz"
    },
    "es6-promise": {
      "version": "3.0.2",
      "from": "es6-promise@3.0.2",
      "resolved": "https://registry.npmjs.org/es6-promise/-/es6-promise-3.0.2.tgz"
    },
    "event-kit": {
      "version": "2.0.0",
      "from": "event-kit@>=2.0.0 <3.0.0",
      "resolved": "https://registry.npmjs.org/event-kit/-/event-kit-2.0.0.tgz"
    },
    "fbjs": {
      "version": "0.8.3",
      "from": "fbjs@>=0.8.1 <0.9.0",
      "resolved": "https://registry.npmjs.org/fbjs/-/fbjs-0.8.3.tgz",
      "dependencies": {
        "core-js": {
          "version": "1.2.7",
          "from": "core-js@>=1.0.0 <2.0.0",
          "resolved": "https://registry.npmjs.org/core-js/-/core-js-1.2.7.tgz"
        }
      }
    },
    "fs.realpath": {
      "version": "1.0.0",
      "from": "fs.realpath@>=1.0.0 <2.0.0",
      "resolved": "https://registry.npmjs.org/fs.realpath/-/fs.realpath-1.0.0.tgz"
    },
    "glob": {
      "version": "7.0.5",
      "from": "glob@>=7.0.5 <8.0.0",
      "resolved": "https://registry.npmjs.org/glob/-/glob-7.0.5.tgz"
    },
    "global": {
      "version": "4.3.0",
      "from": "global@>=4.3.0 <5.0.0",
      "resolved": "https://registry.npmjs.org/global/-/global-4.3.0.tgz"
    },
    "graceful-fs": {
      "version": "4.1.4",
      "from": "graceful-fs@>=4.1.2 <5.0.0",
      "resolved": "https://registry.npmjs.org/graceful-fs/-/graceful-fs-4.1.4.tgz"
    },
    "html-entities": {
      "version": "1.2.0",
      "from": "html-entities@>=1.2.0 <2.0.0",
      "resolved": "https://registry.npmjs.org/html-entities/-/html-entities-1.2.0.tgz"
    },
    "iconv-lite": {
      "version": "0.4.13",
      "from": "iconv-lite@>=0.4.13 <0.5.0",
      "resolved": "https://registry.npmjs.org/iconv-lite/-/iconv-lite-0.4.13.tgz"
    },
    "immutable": {
      "version": "3.8.1",
      "from": "immutable@>=3.7.6 <4.0.0",
      "resolved": "https://registry.npmjs.org/immutable/-/immutable-3.8.1.tgz"
    },
    "inflight": {
      "version": "1.0.5",
      "from": "inflight@>=1.0.4 <2.0.0",
      "resolved": "https://registry.npmjs.org/inflight/-/inflight-1.0.5.tgz"
    },
    "inherits": {
      "version": "2.0.1",
      "from": "inherits@>=2.0.0 <3.0.0",
      "resolved": "https://registry.npmjs.org/inherits/-/inherits-2.0.1.tgz"
    },
    "is-stream": {
      "version": "1.1.0",
      "from": "is-stream@>=1.0.1 <2.0.0",
      "resolved": "https://registry.npmjs.org/is-stream/-/is-stream-1.1.0.tgz"
    },
    "isomorphic-fetch": {
      "version": "2.2.1",
      "from": "isomorphic-fetch@>=2.1.1 <3.0.0",
      "resolved": "https://registry.npmjs.org/isomorphic-fetch/-/isomorphic-fetch-2.2.1.tgz"
    },
    "js-tokens": {
      "version": "1.0.3",
      "from": "js-tokens@>=1.0.1 <2.0.0",
      "resolved": "https://registry.npmjs.org/js-tokens/-/js-tokens-1.0.3.tgz"
    },
    "json5": {
      "version": "0.5.0",
      "from": "json5@>=0.5.0 <0.6.0",
      "resolved": "https://registry.npmjs.org/json5/-/json5-0.5.0.tgz"
    },
    "jsonfile": {
      "version": "2.3.1",
      "from": "jsonfile@>=2.2.3 <3.0.0",
      "resolved": "https://registry.npmjs.org/jsonfile/-/jsonfile-2.3.1.tgz"
    },
    "keytar": {
      "version": "3.0.2",
      "from": "keytar@>=3.0.2 <4.0.0",
      "resolved": "https://registry.npmjs.org/keytar/-/keytar-3.0.2.tgz"
    },
    "klaw": {
      "version": "1.3.0",
      "from": "klaw@>=1.0.0 <2.0.0",
      "resolved": "https://registry.npmjs.org/klaw/-/klaw-1.3.0.tgz"
    },
    "loader-utils": {
      "version": "0.2.15",
      "from": "loader-utils@>=0.2.7 <0.3.0",
      "resolved": "https://registry.npmjs.org/loader-utils/-/loader-utils-0.2.15.tgz"
    },
    "lodash": {
      "version": "3.10.1",
      "from": "lodash@>=3.10.1 <4.0.0",
      "resolved": "https://registry.npmjs.org/lodash/-/lodash-3.10.1.tgz"
    },
    "loose-envify": {
      "version": "1.2.0",
      "from": "loose-envify@>=1.1.0 <2.0.0",
      "resolved": "https://registry.npmjs.org/loose-envify/-/loose-envify-1.2.0.tgz"
    },
    "min-document": {
      "version": "2.18.0",
      "from": "min-document@>=2.6.1 <3.0.0",
      "resolved": "https://registry.npmjs.org/min-document/-/min-document-2.18.0.tgz"
    },
    "minimatch": {
      "version": "3.0.2",
      "from": "minimatch@>=3.0.2 <4.0.0",
      "resolved": "https://registry.npmjs.org/minimatch/-/minimatch-3.0.2.tgz"
    },
    "minimist": {
      "version": "0.0.8",
      "from": "minimist@0.0.8",
      "resolved": "https://registry.npmjs.org/minimist/-/minimist-0.0.8.tgz"
    },
    "mkdirp": {
      "version": "0.5.1",
      "from": "mkdirp@>=0.5.1 <0.6.0",
      "resolved": "https://registry.npmjs.org/mkdirp/-/mkdirp-0.5.1.tgz"
    },
    "moment": {
      "version": "2.14.1",
      "from": "moment@latest",
      "resolved": "https://registry.npmjs.org/moment/-/moment-2.14.1.tgz"
    },
    "nan": {
      "version": "2.3.2",
      "from": "nan@2.3.2",
      "resolved": "https://registry.npmjs.org/nan/-/nan-2.3.2.tgz"
    },
    "node-fetch": {
      "version": "1.5.3",
      "from": "node-fetch@>=1.0.1 <2.0.0",
      "resolved": "https://registry.npmjs.org/node-fetch/-/node-fetch-1.5.3.tgz"
    },
    "object-assign": {
      "version": "4.1.0",
      "from": "object-assign@>=4.0.1 <5.0.0",
      "resolved": "https://registry.npmjs.org/object-assign/-/object-assign-4.1.0.tgz"
    },
    "octokat": {
      "version": "0.5.0-beta.0",
      "from": "octokat@>=0.5.0-beta.0 <0.6.0",
      "resolved": "https://registry.npmjs.org/octokat/-/octokat-0.5.0-beta.0.tgz"
    },
    "once": {
      "version": "1.3.3",
      "from": "once@>=1.3.0 <2.0.0",
      "resolved": "https://registry.npmjs.org/once/-/once-1.3.3.tgz"
    },
    "os-tmpdir": {
      "version": "1.0.1",
      "from": "os-tmpdir@>=1.0.0 <2.0.0",
      "resolved": "https://registry.npmjs.org/os-tmpdir/-/os-tmpdir-1.0.1.tgz"
    },
    "path-is-absolute": {
      "version": "1.0.0",
      "from": "path-is-absolute@>=1.0.0 <2.0.0",
      "resolved": "https://registry.npmjs.org/path-is-absolute/-/path-is-absolute-1.0.0.tgz"
    },
    "performance-now": {
      "version": "0.2.0",
      "from": "performance-now@>=0.2.0 <0.3.0",
      "resolved": "https://registry.npmjs.org/performance-now/-/performance-now-0.2.0.tgz"
    },
    "process": {
      "version": "0.5.2",
      "from": "process@>=0.5.1 <0.6.0",
      "resolved": "https://registry.npmjs.org/process/-/process-0.5.2.tgz"
    },
    "promise": {
      "version": "7.1.1",
      "from": "promise@>=7.1.1 <8.0.0",
      "resolved": "https://registry.npmjs.org/promise/-/promise-7.1.1.tgz"
    },
    "querystring": {
      "version": "0.2.0",
      "from": "querystring@>=0.2.0 <0.3.0",
      "resolved": "https://registry.npmjs.org/querystring/-/querystring-0.2.0.tgz"
    },
    "raf": {
      "version": "3.2.0",
      "from": "raf@>=3.1.0 <4.0.0",
      "resolved": "https://registry.npmjs.org/raf/-/raf-3.2.0.tgz"
    },
    "react": {
      "version": "15.3.0",
      "from": "react@>=15.2.1 <16.0.0",
      "resolved": "https://registry.npmjs.org/react/-/react-15.3.0.tgz"
    },
    "react-addons-shallow-compare": {
      "version": "15.3.0",
      "from": "react-addons-shallow-compare@latest",
      "resolved": "https://registry.npmjs.org/react-addons-shallow-compare/-/react-addons-shallow-compare-15.3.0.tgz"
    },
    "react-deep-force-update": {
      "version": "1.0.1",
      "from": "react-deep-force-update@>=1.0.0 <2.0.0",
      "resolved": "https://registry.npmjs.org/react-deep-force-update/-/react-deep-force-update-1.0.1.tgz"
    },
    "react-dom": {
      "version": "15.3.0",
      "from": "react-dom@>=15.2.1 <16.0.0",
      "resolved": "https://registry.npmjs.org/react-dom/-/react-dom-15.3.0.tgz"
    },
    "react-proxy": {
      "version": "1.1.8",
      "from": "react-proxy@>=1.1.7 <2.0.0",
      "resolved": "https://registry.npmjs.org/react-proxy/-/react-proxy-1.1.8.tgz",
      "dependencies": {
        "lodash": {
          "version": "4.13.1",
          "from": "lodash@>=4.6.1 <5.0.0",
          "resolved": "https://registry.npmjs.org/lodash/-/lodash-4.13.1.tgz"
        }
      }
    },
    "react-virtualized": {
      "version": "7.16.0",
      "from": "react-virtualized@latest",
      "resolved": "https://registry.npmjs.org/react-virtualized/-/react-virtualized-7.16.0.tgz"
    },
    "regenerator-runtime": {
      "version": "0.9.5",
      "from": "regenerator-runtime@>=0.9.5 <0.10.0",
      "resolved": "https://registry.npmjs.org/regenerator-runtime/-/regenerator-runtime-0.9.5.tgz"
    },
    "rimraf": {
      "version": "2.5.4",
      "from": "rimraf@>=2.2.8 <3.0.0",
      "resolved": "https://registry.npmjs.org/rimraf/-/rimraf-2.5.4.tgz"
    },
    "strip-ansi": {
      "version": "3.0.1",
      "from": "strip-ansi@>=3.0.0 <4.0.0",
      "resolved": "https://registry.npmjs.org/strip-ansi/-/strip-ansi-3.0.1.tgz"
    },
    "ua-parser-js": {
      "version": "0.7.10",
      "from": "ua-parser-js@>=0.7.9 <0.8.0",
      "resolved": "https://registry.npmjs.org/ua-parser-js/-/ua-parser-js-0.7.10.tgz"
    },
    "whatwg-fetch": {
      "version": "1.0.0",
      "from": "whatwg-fetch@>=0.10.0",
      "resolved": "https://registry.npmjs.org/whatwg-fetch/-/whatwg-fetch-1.0.0.tgz"
    },
    "wrappy": {
      "version": "1.0.2",
      "from": "wrappy@>=1.0.0 <2.0.0",
      "resolved": "https://registry.npmjs.org/wrappy/-/wrappy-1.0.2.tgz"
    },
    "xmlhttprequest": {
      "version": "1.8.0",
      "from": "xmlhttprequest@>=1.8.0 <1.9.0",
      "resolved": "https://registry.npmjs.org/xmlhttprequest/-/xmlhttprequest-1.8.0.tgz"
    }
  }
}
